
Microsoft Visual Studio Solution File, Format Version 12.00
# Visual Studio Version 17
VisualStudioVersion = 17.6.33717.318
MinimumVisualStudioVersion = 10.0.40219.1
Project("{9A19103F-16F7-4668-BE54-9A1E7A4F7556}") = "CalculatorBMI.Infrastructure", "CalculatorBMI.Infrastructure\CalculatorBMI.Infrastructure.csproj", "{60469648-3AE9-4AF4-AE55-9BE4A6A3DC5F}"
EndProject
Project("{9A19103F-16F7-4668-BE54-9A1E7A4F7556}") = "CalculatorBMI.Domain", "CalculatorBMI.Domain\CalculatorBMI.Domain.csproj", "{43EACEE9-5789-42A1-B29F-251AFDF2CAEE}"
EndProject
Project("{9A19103F-16F7-4668-BE54-9A1E7A4F7556}") = "CalculatorBMI.API", "CalculatorBMI.API\CalculatorBMI.API.csproj", "{A8F388F2-C3C6-441B-9D67-70945AD979F4}"
EndProject
Project("{FAE04EC0-301F-11D3-BF4B-00C04F79EFBC}") = "CalculatorBMI.UI", "CalculatorBMI.UI\CalculatorBMI.UI.csproj", "{58900247-AAF1-4FED-A9BE-B481D92FD342}"
EndProject
Global
	GlobalSection(SolutionConfigurationPlatforms) = preSolution
		Debug|Any CPU = Debug|Any CPU
		Release|Any CPU = Release|Any CPU
	EndGlobalSection
	GlobalSection(ProjectConfigurationPlatforms) = postSolution
		{60469648-3AE9-4AF4-AE55-9BE4A6A3DC5F}.Debug|Any CPU.ActiveCfg = Debug|Any CPU
		{60469648-3AE9-4AF4-AE55-9BE4A6A3DC5F}.Debug|Any CPU.Build.0 = Debug|Any CPU
		{60469648-3AE9-4AF4-AE55-9BE4A6A3DC5F}.Release|Any CPU.ActiveCfg = Release|Any CPU
		{60469648-3AE9-4AF4-AE55-9BE4A6A3DC5F}.Release|Any CPU.Build.0 = Release|Any CPU
		{43EACEE9-5789-42A1-B29F-251AFDF2CAEE}.Debug|Any CPU.ActiveCfg = Debug|Any CPU
		{43EACEE9-5789-42A1-B29F-251AFDF2CAEE}.Debug|Any CPU.Build.0 = Debug|Any CPU
		{43EACEE9-5789-42A1-B29F-251AFDF2CAEE}.Release|Any CPU.ActiveCfg = Release|Any CPU
		{43EACEE9-5789-42A1-B29F-251AFDF2CAEE}.Release|Any CPU.Build.0 = Release|Any CPU
		{A8F388F2-C3C6-441B-9D67-70945AD979F4}.Debug|Any CPU.ActiveCfg = Debug|Any CPU
		{A8F388F2-C3C6-441B-9D67-70945AD979F4}.Debug|Any CPU.Build.0 = Debug|Any CPU
		{A8F388F2-C3C6-441B-9D67-70945AD979F4}.Release|Any CPU.ActiveCfg = Release|Any CPU
		{A8F388F2-C3C6-441B-9D67-70945AD979F4}.Release|Any CPU.Build.0 = Release|Any CPU
		{58900247-AAF1-4FED-A9BE-B481D92FD342}.Debug|Any CPU.ActiveCfg = Debug|Any CPU
		{58900247-AAF1-4FED-A9BE-B481D92FD342}.Debug|Any CPU.Build.0 = Debug|Any CPU
		{58900247-AAF1-4FED-A9BE-B481D92FD342}.Release|Any CPU.ActiveCfg = Release|Any CPU
		{58900247-AAF1-4FED-A9BE-B481D92FD342}.Release|Any CPU.Build.0 = Release|Any CPU
	EndGlobalSection
	GlobalSection(SolutionProperties) = preSolution
		HideSolutionNode = FALSE
	EndGlobalSection
	GlobalSection(ExtensibilityGlobals) = postSolution
		SolutionGuid = {012E41A4-2D68-47A6-AE36-970CDD7A54DC}
	EndGlobalSection
EndGlobal
